lockfileVersion: '9.0'

settings:
  autoInstallPeers: true
  excludeLinksFromLockfile: false

importers:

  .:
    dependencies:
      arg:
        specifier: ^5.0.2
        version: 5.0.2
      p-limit:
        specifier: ^6.2.0
        version: 6.2.0
      yaml:
        specifier: ^2.7.1
        version: 2.7.1

packages:

  arg@5.0.2:
    resolution: {integrity: sha512-PYjyFOLKQ9y57JvQ6QLo8dAgNqswh8M1RMJYdQduT6xbWSgK36P/Z/v+p888pM69jMMfS8Xd8F6I1kQ/I9HUGg==}

  p-limit@6.2.0:
    resolution: {integrity: sha512-kuUqqHNUqoIWp/c467RI4X6mmyuojY5jGutNU0wVTmEOOfcuwLqyMVoAi9MKi2Ak+5i9+nhmrK4ufZE8069kHA==}
    engines: {node: '>=18'}

  yaml@2.7.1:
    resolution: {integrity: sha512-10ULxpnOCQXxJvBgxsn9ptjq6uviG/htZKk9veJGhlqn3w/DxQ631zFF+nlQXLwmImeS5amR2dl2U8sg6U9jsQ==}
    engines: {node: '>= 14'}
    hasBin: true

  yocto-queue@1.2.1:
    resolution: {integrity: sha512-AyeEbWOu/TAXdxlV9wmGcR0+yh2j3vYPGOECcIj2S7MkrLyC7ne+oye2BKTItt0ii2PHk4cDy+95+LshzbXnGg==}
    engines: {node: '>=12.20'}

snapshots:

  arg@5.0.2: {}

  p-limit@6.2.0:
    dependencies:
      yocto-queue: 1.2.1

  yaml@2.7.1: {}

  yocto-queue@1.2.1: {}
